
Microsoft Visual Studio Solution File, Format Version 12.00
# Visual Studio Version 17
VisualStudioVersion = 17.11.35312.102
MinimumVisualStudioVersion = 10.0.40219.1
Project("{8BC9CEB8-8B4A-11D0-8D11-00A0C91BC942}") = "TasksSet3", "TasksSet3.vcxproj", "{25F57874-B6D9-4A4E-92C3-BE3804A3B9A6}"
EndProject
Global
	GlobalSection(SolutionConfigurationPlatforms) = preSolution
		Debug|x64 = Debug|x64
		Debug|x86 = Debug|x86
		Release|x64 = Release|x64
		Release|x86 = Release|x86
	EndGlobalSection
	GlobalSection(ProjectConfigurationPlatforms) = postSolution
		{25F57874-B6D9-4A4E-92C3-BE3804A3B9A6}.Debug|x64.ActiveCfg = Debug|x64
		{25F57874-B6D9-4A4E-92C3-BE3804A3B9A6}.Debug|x64.Build.0 = Debug|x64
		{25F57874-B6D9-4A4E-92C3-BE3804A3B9A6}.Debug|x86.ActiveCfg = Debug|Win32
		{25F57874-B6D9-4A4E-92C3-BE3804A3B9A6}.Debug|x86.Build.0 = Debug|Win32
		{25F57874-B6D9-4A4E-92C3-BE3804A3B9A6}.Release|x64.ActiveCfg = Release|x64
		{25F57874-B6D9-4A4E-92C3-BE3804A3B9A6}.Release|x64.Build.0 = Release|x64
		{25F57874-B6D9-4A4E-92C3-BE3804A3B9A6}.Release|x86.ActiveCfg = Release|Win32
		{25F57874-B6D9-4A4E-92C3-BE3804A3B9A6}.Release|x86.Build.0 = Release|Win32
	EndGlobalSection
	GlobalSection(SolutionProperties) = preSolution
		HideSolutionNode = FALSE
	EndGlobalSection
	GlobalSection(ExtensibilityGlobals) = postSolution
		SolutionGuid = {088DE2D2-A349-4B56-9CAF-EDCF1AC2F387}
	EndGlobalSection
EndGlobal
